
Microsoft Visual Studio Solution File, Format Version 12.00
# Visual Studio Version 17
VisualStudioVersion = 17.2.32616.157
MinimumVisualStudioVersion = 10.0.40219.1
Project("{9A19103F-16F7-4668-BE54-9A1E7A4F7556}") = "BlazorApp1.Server", "BlazorApp1\Server\BlazorApp1.Server.csproj", "{13423CA7-5C76-4B5F-8E1F-46DA2D65924F}"
EndProject
Project("{9A19103F-16F7-4668-BE54-9A1E7A4F7556}") = "BlazorApp1.Client", "BlazorApp1\Client\BlazorApp1.Client.csproj", "{5E311A99-F91A-4B1C-B0F8-569D371E519A}"
EndProject
Project("{9A19103F-16F7-4668-BE54-9A1E7A4F7556}") = "BlazorApp1.Shared", "BlazorApp1\Shared\BlazorApp1.Shared.csproj", "{B82A639E-1D4E-4787-A679-02EDC40EBA46}"
EndProject
Global
	GlobalSection(SolutionConfigurationPlatforms) = preSolution
		Debug|Any CPU = Debug|Any CPU
		Release|Any CPU = Release|Any CPU
	EndGlobalSection
	GlobalSection(ProjectConfigurationPlatforms) = postSolution
		{13423CA7-5C76-4B5F-8E1F-46DA2D65924F}.Debug|Any CPU.ActiveCfg = Debug|Any CPU
		{13423CA7-5C76-4B5F-8E1F-46DA2D65924F}.Debug|Any CPU.Build.0 = Debug|Any CPU
		{13423CA7-5C76-4B5F-8E1F-46DA2D65924F}.Release|Any CPU.ActiveCfg = Release|Any CPU
		{13423CA7-5C76-4B5F-8E1F-46DA2D65924F}.Release|Any CPU.Build.0 = Release|Any CPU
		{5E311A99-F91A-4B1C-B0F8-569D371E519A}.Debug|Any CPU.ActiveCfg = Debug|Any CPU
		{5E311A99-F91A-4B1C-B0F8-569D371E519A}.Debug|Any CPU.Build.0 = Debug|Any CPU
		{5E311A99-F91A-4B1C-B0F8-569D371E519A}.Release|Any CPU.ActiveCfg = Release|Any CPU
		{5E311A99-F91A-4B1C-B0F8-569D371E519A}.Release|Any CPU.Build.0 = Release|Any CPU
		{B82A639E-1D4E-4787-A679-02EDC40EBA46}.Debug|Any CPU.ActiveCfg = Debug|Any CPU
		{B82A639E-1D4E-4787-A679-02EDC40EBA46}.Debug|Any CPU.Build.0 = Debug|Any CPU
		{B82A639E-1D4E-4787-A679-02EDC40EBA46}.Release|Any CPU.ActiveCfg = Release|Any CPU
		{B82A639E-1D4E-4787-A679-02EDC40EBA46}.Release|Any CPU.Build.0 = Release|Any CPU
	EndGlobalSection
	GlobalSection(SolutionProperties) = preSolution
		HideSolutionNode = FALSE
	EndGlobalSection
	GlobalSection(ExtensibilityGlobals) = postSolution
		SolutionGuid = {3841D35D-66D5-4B17-8555-0AC6627413E6}
	EndGlobalSection
EndGlobal
